
Microsoft Visual Studio Solution File, Format Version 12.00
Project("{2150E333-8FDC-42A3-9474-1A3956D46DE8}") = "Domain", "Domain", "{09F5E146-AE1B-49EB-882A-3F69804B1989}"
EndProject
Project("{F2A71F9B-5D33-465A-A702-920D77279786}") = "Domain.Office.InboundDelivery", "src\Domain\Domain.Office.InboundDelivery\Domain.Office.InboundDelivery.fsproj", "{E10AC462-4C80-4BF6-8712-09A7F4983DD3}"
EndProject
Global
	GlobalSection(SolutionConfigurationPlatforms) = preSolution
		Debug|Any CPU = Debug|Any CPU
		Release|Any CPU = Release|Any CPU
	EndGlobalSection
	GlobalSection(NestedProjects) = preSolution
		{E10AC462-4C80-4BF6-8712-09A7F4983DD3} = {09F5E146-AE1B-49EB-882A-3F69804B1989}
	EndGlobalSection
	GlobalSection(ProjectConfigurationPlatforms) = postSolution
		{E10AC462-4C80-4BF6-8712-09A7F4983DD3}.Debug|Any CPU.ActiveCfg = Debug|Any CPU
		{E10AC462-4C80-4BF6-8712-09A7F4983DD3}.Debug|Any CPU.Build.0 = Debug|Any CPU
		{E10AC462-4C80-4BF6-8712-09A7F4983DD3}.Release|Any CPU.ActiveCfg = Release|Any CPU
		{E10AC462-4C80-4BF6-8712-09A7F4983DD3}.Release|Any CPU.Build.0 = Release|Any CPU
	EndGlobalSection
EndGlobal
